
Microsoft Visual Studio Solution File, Format Version 12.00
# Visual Studio Version 16
VisualStudioVersion = 16.0.30011.22
MinimumVisualStudioVersion = 10.0.40219.1
Project("{FAE04EC0-301F-11D3-BF4B-00C04F79EFBC}") = "LloydsBankGroup.Test", "LloydsBankGroup.Test.csproj", "{570E13E9-8A81-44CD-8411-FF77B9A068EF}"
EndProject
Global
	GlobalSection(SolutionConfigurationPlatforms) = preSolution
		Debug|Any CPU = Debug|Any CPU
		Release|Any CPU = Release|Any CPU
	EndGlobalSection
	GlobalSection(ProjectConfigurationPlatforms) = postSolution
		{570E13E9-8A81-44CD-8411-FF77B9A068EF}.Debug|Any CPU.ActiveCfg = Debug|Any CPU
		{570E13E9-8A81-44CD-8411-FF77B9A068EF}.Debug|Any CPU.Build.0 = Debug|Any CPU
		{570E13E9-8A81-44CD-8411-FF77B9A068EF}.Release|Any CPU.ActiveCfg = Release|Any CPU
		{570E13E9-8A81-44CD-8411-FF77B9A068EF}.Release|Any CPU.Build.0 = Release|Any CPU
	EndGlobalSection
	GlobalSection(SolutionProperties) = preSolution
		HideSolutionNode = FALSE
	EndGlobalSection
	GlobalSection(ExtensibilityGlobals) = postSolution
		SolutionGuid = {095FABC1-1E32-4881-A5F2-894FFA9AD0DF}
	EndGlobalSection
EndGlobal
